
Microsoft Visual Studio Solution File, Format Version 12.00
# Visual Studio Version 16
VisualStudioVersion = 16.0.31205.134
MinimumVisualStudioVersion = 10.0.40219.1
Project("{FAE04EC0-301F-11D3-BF4B-00C04F79EFBC}") = "web scrapping", "web scrapping\web scrapping.csproj", "{08CE936B-00D9-4B44-91CB-D566C7FD670A}"
EndProject
Global
	GlobalSection(SolutionConfigurationPlatforms) = preSolution
		Debug|Any CPU = Debug|Any CPU
		Release|Any CPU = Release|Any CPU
	EndGlobalSection
	GlobalSection(ProjectConfigurationPlatforms) = postSolution
		{08CE936B-00D9-4B44-91CB-D566C7FD670A}.Debug|Any CPU.ActiveCfg = Debug|Any CPU
		{08CE936B-00D9-4B44-91CB-D566C7FD670A}.Debug|Any CPU.Build.0 = Debug|Any CPU
		{08CE936B-00D9-4B44-91CB-D566C7FD670A}.Release|Any CPU.ActiveCfg = Release|Any CPU
		{08CE936B-00D9-4B44-91CB-D566C7FD670A}.Release|Any CPU.Build.0 = Release|Any CPU
	EndGlobalSection
	GlobalSection(SolutionProperties) = preSolution
		HideSolutionNode = FALSE
	EndGlobalSection
	GlobalSection(ExtensibilityGlobals) = postSolution
		SolutionGuid = {74E467F3-BD8B-4B5E-88B7-E9911801735A}
	EndGlobalSection
EndGlobal
